// !$*UTF8*$!
{
	archiveVersion = 1;
	classes = {
	};
	objectVersion = 55;
	objects = {

/* Begin PBXBuildFile section */
		8311B035286952A800AC64B7 /* MyResumeApp.swift in Sources */ = {isa = PBXBuildFile; fileRef = 8311B034286952A800AC64B7 /* MyResumeApp.swift */; };
		8311B037286952A800AC64B7 /* ContentView.swift in Sources */ = {isa = PBXBuildFile; fileRef = 8311B036286952A800AC64B7 /* ContentView.swift */; };
		8311B039286952AD00AC64B7 /* Assets.xcassets in Resources */ = {isa = PBXBuildFile; fileRef = 8311B038286952AD00AC64B7 /* Assets.xcassets */; };
		8311B03C286952AD00AC64B7 /* Preview Assets.xcassets in Resources */ = {isa = PBXBuildFile; fileRef = 8311B03B286952AD00AC64B7 /* Preview Assets.xcassets */; };
		8311B048286952FF00AC64B7 /* HomeView.swift in Sources */ = {isa = PBXBuildFile; fileRef = 8311B047286952FF00AC64B7 /* HomeView.swift */; };
		8311B04A286958F600AC64B7 /* TopContentView.swift in Sources */ = {isa = PBXBuildFile; fileRef = 8311B049286958F600AC64B7 /* TopContentView.swift */; };
		8311B04C28695A5E00AC64B7 /* Details.swift in Sources */ = {isa = PBXBuildFile; fileRef = 8311B04B28695A5E00AC64B7 /* Details.swift */; };
		8311B04F28695AB000AC64B7 /* ModelExtensions.swift in Sources */ = {isa = PBXBuildFile; fileRef = 8311B04E28695AB000AC64B7 /* ModelExtensions.swift */; };
		8311B05128695ACB00AC64B7 /* ColorExtensions.swift in Sources */ = {isa = PBXBuildFile; fileRef = 8311B05028695ACB00AC64B7 /* ColorExtensions.swift */; };
		8311B0532869DCAB00AC64B7 /* DetailView.swift in Sources */ = {isa = PBXBuildFile; fileRef = 8311B0522869DCAB00AC64B7 /* DetailView.swift */; };
		8311B0552869DCE200AC64B7 /* WorkExperienceContent.swift in Sources */ = {isa = PBXBuildFile; fileRef = 8311B0542869DCE200AC64B7 /* WorkExperienceContent.swift */; };
		8311B0572869DD0B00AC64B7 /* WorkExperience.swift in Sources */ = {isa = PBXBuildFile; fileRef = 8311B0562869DD0B00AC64B7 /* WorkExperience.swift */; };
		8311B0592869DD9D00AC64B7 /* Skills.swift in Sources */ = {isa = PBXBuildFile; fileRef = 8311B0582869DD9D00AC64B7 /* Skills.swift */; };
		8311B05B2869DDCD00AC64B7 /* Education.swift in Sources */ = {isa = PBXBuildFile; fileRef = 8311B05A2869DDCD00AC64B7 /* Education.swift */; };
		8311B05D2869DE0B00AC64B7 /* Resume.swift in Sources */ = {isa = PBXBuildFile; fileRef = 8311B05C2869DE0B00AC64B7 /* Resume.swift */; };
		8311B05F2869FAD400AC64B7 /* EducationContent.swift in Sources */ = {isa = PBXBuildFile; fileRef = 8311B05E2869FAD400AC64B7 /* EducationContent.swift */; };
		8311B0612869FF6D00AC64B7 /* SkillsContent.swift in Sources */ = {isa = PBXBuildFile; fileRef = 8311B0602869FF6D00AC64B7 /* SkillsContent.swift */; };
		8311B064286A029D00AC64B7 /* AboutContent.swift in Sources */ = {isa = PBXBuildFile; fileRef = 8311B063286A029D00AC64B7 /* AboutContent.swift */; };
		8311B067286A79A500AC64B7 /* initialcontent.json in Resources */ = {isa = PBXBuildFile; fileRef = 8311B066286A79A500AC64B7 /* initialcontent.json */; };
		8311B06A286A79C900AC64B7 /* LocalImporter.swift in Sources */ = {isa = PBXBuildFile; fileRef = 8311B069286A79C900AC64B7 /* LocalImporter.swift */; };
		8311B06C286A8C2F00AC64B7 /* FileExtensions.swift in Sources */ = {isa = PBXBuildFile; fileRef = 8311B06B286A8C2F00AC64B7 /* FileExtensions.swift */; };
		8311B06F286A8D0900AC64B7 /* ContentRepository.swift in Sources */ = {isa = PBXBuildFile; fileRef = 8311B06E286A8D0900AC64B7 /* ContentRepository.swift */; };
		8311B071286B243400AC64B7 /* ApiImporter.swift in Sources */ = {isa = PBXBuildFile; fileRef = 8311B070286B243400AC64B7 /* ApiImporter.swift */; };
/* End PBXBuildFile section */

/* Begin PBXFileReference section */
		8311B031286952A800AC64B7 /* MyResume.app */ = {isa = PBXFileReference; explicitFileType = wrapper.application; includeInIndex = 0; path = MyResume.app; sourceTree = BUILT_PRODUCTS_DIR; };
		8311B034286952A800AC64B7 /* MyResumeApp.swift */ = {isa = PBXFileReference; lastKnownFileType = sourcecode.swift; path = MyResumeApp.swift; sourceTree = "<group>"; };
		8311B036286952A800AC64B7 /* ContentView.swift */ = {isa = PBXFileReference; lastKnownFileType = sourcecode.swift; path = ContentView.swift; sourceTree = "<group>"; };
		8311B038286952AD00AC64B7 /* Assets.xcassets */ = {isa = PBXFileReference; lastKnownFileType = folder.assetcatalog; path = Assets.xcassets; sourceTree = "<group>"; };
		8311B03B286952AD00AC64B7 /* Preview Assets.xcassets */ = {isa = PBXFileReference; lastKnownFileType = folder.assetcatalog; path = "Preview Assets.xcassets"; sourceTree = "<group>"; };
		8311B047286952FF00AC64B7 /* HomeView.swift */ = {isa = PBXFileReference; lastKnownFileType = sourcecode.swift; path = HomeView.swift; sourceTree = "<group>"; };
		8311B049286958F600AC64B7 /* TopContentView.swift */ = {isa = PBXFileReference; lastKnownFileType = sourcecode.swift; path = TopContentView.swift; sourceTree = "<group>"; };
		8311B04B28695A5E00AC64B7 /* Details.swift */ = {isa = PBXFileReference; lastKnownFileType = sourcecode.swift; path = Details.swift; sourceTree = "<group>"; };
		8311B04E28695AB000AC64B7 /* ModelExtensions.swift */ = {isa = PBXFileReference; lastKnownFileType = sourcecode.swift; path = ModelExtensions.swift; sourceTree = "<group>"; };
		8311B05028695ACB00AC64B7 /* ColorExtensions.swift */ = {isa = PBXFileReference; lastKnownFileType = sourcecode.swift; path = ColorExtensions.swift; sourceTree = "<group>"; };
		8311B0522869DCAB00AC64B7 /* DetailView.swift */ = {isa = PBXFileReference; lastKnownFileType = sourcecode.swift; path = DetailView.swift; sourceTree = "<group>"; };
		8311B0542869DCE200AC64B7 /* WorkExperienceContent.swift */ = {isa = PBXFileReference; lastKnownFileType = sourcecode.swift; path = WorkExperienceContent.swift; sourceTree = "<group>"; };
		8311B0562869DD0B00AC64B7 /* WorkExperience.swift */ = {isa = PBXFileReference; lastKnownFileType = sourcecode.swift; path = WorkExperience.swift; sourceTree = "<group>"; };
		8311B0582869DD9D00AC64B7 /* Skills.swift */ = {isa = PBXFileReference; lastKnownFileType = sourcecode.swift; path = Skills.swift; sourceTree = "<group>"; };
		8311B05A2869DDCD00AC64B7 /* Education.swift */ = {isa = PBXFileReference; lastKnownFileType = sourcecode.swift; path = Education.swift; sourceTree = "<group>"; };
		8311B05C2869DE0B00AC64B7 /* Resume.swift */ = {isa = PBXFileReference; lastKnownFileType = sourcecode.swift; path = Resume.swift; sourceTree = "<group>"; };
		8311B05E2869FAD400AC64B7 /* EducationContent.swift */ = {isa = PBXFileReference; lastKnownFileType = sourcecode.swift; path = EducationContent.swift; sourceTree = "<group>"; };
		8311B0602869FF6D00AC64B7 /* SkillsContent.swift */ = {isa = PBXFileReference; lastKnownFileType = sourcecode.swift; path = SkillsContent.swift; sourceTree = "<group>"; };
		8311B063286A029D00AC64B7 /* AboutContent.swift */ = {isa = PBXFileReference; lastKnownFileType = sourcecode.swift; path = AboutContent.swift; sourceTree = "<group>"; };
		8311B066286A79A500AC64B7 /* initialcontent.json */ = {isa = PBXFileReference; fileEncoding = 4; lastKnownFileType = text.json; path = initialcontent.json; sourceTree = "<group>"; };
		8311B069286A79C900AC64B7 /* LocalImporter.swift */ = {isa = PBXFileReference; lastKnownFileType = sourcecode.swift; path = LocalImporter.swift; sourceTree = "<group>"; };
		8311B06B286A8C2F00AC64B7 /* FileExtensions.swift */ = {isa = PBXFileReference; lastKnownFileType = sourcecode.swift; path = FileExtensions.swift; sourceTree = "<group>"; };
		8311B06E286A8D0900AC64B7 /* ContentRepository.swift */ = {isa = PBXFileReference; lastKnownFileType = sourcecode.swift; path = ContentRepository.swift; sourceTree = "<group>"; };
		8311B070286B243400AC64B7 /* ApiImporter.swift */ = {isa = PBXFileReference; lastKnownFileType = sourcecode.swift; path = ApiImporter.swift; sourceTree = "<group>"; };
/* End PBXFileReference section */

/* Begin PBXFrameworksBuildPhase section */
		8311B02E286952A800AC64B7 /* Frameworks */ = {
			isa = PBXFrameworksBuildPhase;
			buildActionMask = 2147483647;
			files = (
			);
			runOnlyForDeploymentPostprocessing = 0;
		};
/* End PBXFrameworksBuildPhase section */

/* Begin PBXGroup section */
		8311B028286952A800AC64B7 = {
			isa = PBXGroup;
			children = (
				8311B033286952A800AC64B7 /* MyResume */,
				8311B032286952A800AC64B7 /* Products */,
			);
			sourceTree = "<group>";
		};
		8311B032286952A800AC64B7 /* Products */ = {
			isa = PBXGroup;
			children = (
				8311B031286952A800AC64B7 /* MyResume.app */,
			);
			name = Products;
			sourceTree = "<group>";
		};
		8311B033286952A800AC64B7 /* MyResume */ = {
			isa = PBXGroup;
			children = (
				8311B06D286A8CFA00AC64B7 /* database */,
				8311B068286A79B700AC64B7 /* datasource */,
				8311B065286A798200AC64B7 /* content */,
				8311B04D28695AA100AC64B7 /* extensions */,
				8311B046286952E700AC64B7 /* models */,
				8311B043286952D900AC64B7 /* ui */,
				8311B034286952A800AC64B7 /* MyResumeApp.swift */,
				8311B036286952A800AC64B7 /* ContentView.swift */,
				8311B038286952AD00AC64B7 /* Assets.xcassets */,
				8311B03A286952AD00AC64B7 /* Preview Content */,
			);
			path = MyResume;
			sourceTree = "<group>";
		};
		8311B03A286952AD00AC64B7 /* Preview Content */ = {
			isa = PBXGroup;
			children = (
				8311B03B286952AD00AC64B7 /* Preview Assets.xcassets */,
			);
			path = "Preview Content";
			sourceTree = "<group>";
		};
		8311B043286952D900AC64B7 /* ui */ = {
			isa = PBXGroup;
			children = (
				8311B045286952E100AC64B7 /* detail */,
				8311B044286952DD00AC64B7 /* home */,
			);
			path = ui;
			sourceTree = "<group>";
		};
		8311B044286952DD00AC64B7 /* home */ = {
			isa = PBXGroup;
			children = (
				8311B047286952FF00AC64B7 /* HomeView.swift */,
				8311B049286958F600AC64B7 /* TopContentView.swift */,
			);
			path = home;
			sourceTree = "<group>";
		};
		8311B045286952E100AC64B7 /* detail */ = {
			isa = PBXGroup;
			children = (
				8311B0522869DCAB00AC64B7 /* DetailView.swift */,
				8311B0542869DCE200AC64B7 /* WorkExperienceContent.swift */,
				8311B05E2869FAD400AC64B7 /* EducationContent.swift */,
				8311B0602869FF6D00AC64B7 /* SkillsContent.swift */,
				8311B063286A029D00AC64B7 /* AboutContent.swift */,
			);
			path = detail;
			sourceTree = "<group>";
		};
		8311B046286952E700AC64B7 /* models */ = {
			isa = PBXGroup;
			children = (
				8311B04B28695A5E00AC64B7 /* Details.swift */,
				8311B0562869DD0B00AC64B7 /* WorkExperience.swift */,
				8311B0582869DD9D00AC64B7 /* Skills.swift */,
				8311B05A2869DDCD00AC64B7 /* Education.swift */,
				8311B05C2869DE0B00AC64B7 /* Resume.swift */,
			);
			path = models;
			sourceTree = "<group>";
		};
		8311B04D28695AA100AC64B7 /* extensions */ = {
			isa = PBXGroup;
			children = (
				8311B04E28695AB000AC64B7 /* ModelExtensions.swift */,
				8311B05028695ACB00AC64B7 /* ColorExtensions.swift */,
				8311B06B286A8C2F00AC64B7 /* FileExtensions.swift */,
			);
			path = extensions;
			sourceTree = "<group>";
		};
		8311B065286A798200AC64B7 /* content */ = {
			isa = PBXGroup;
			children = (
				8311B066286A79A500AC64B7 /* initialcontent.json */,
			);
			path = content;
			sourceTree = "<group>";
		};
		8311B068286A79B700AC64B7 /* datasource */ = {
			isa = PBXGroup;
			children = (
				8311B069286A79C900AC64B7 /* LocalImporter.swift */,
				8311B070286B243400AC64B7 /* ApiImporter.swift */,
			);
			path = datasource;
			sourceTree = "<group>";
		};
		8311B06D286A8CFA00AC64B7 /* database */ = {
			isa = PBXGroup;
			children = (
				8311B06E286A8D0900AC64B7 /* ContentRepository.swift */,
			);
			path = database;
			sourceTree = "<group>";
		};
/* End PBXGroup section */

/* Begin PBXNativeTarget section */
		8311B030286952A800AC64B7 /* MyResume */ = {
			isa = PBXNativeTarget;
			buildConfigurationList = 8311B03F286952AD00AC64B7 /* Build configuration list for PBXNativeTarget "MyResume" */;
			buildPhases = (
				8311B02D286952A800AC64B7 /* Sources */,
				8311B02E286952A800AC64B7 /* Frameworks */,
				8311B02F286952A800AC64B7 /* Resources */,
			);
			buildRules = (
			);
			dependencies = (
			);
			name = MyResume;
			productName = MyResume;
			productReference = 8311B031286952A800AC64B7 /* MyResume.app */;
			productType = "com.apple.product-type.application";
		};
/* End PBXNativeTarget section */

/* Begin PBXProject section */
		8311B029286952A800AC64B7 /* Project object */ = {
			isa = PBXProject;
			attributes = {
				BuildIndependentTargetsInParallel = 1;
				LastSwiftUpdateCheck = 1340;
				LastUpgradeCheck = 1340;
				TargetAttributes = {
					8311B030286952A800AC64B7 = {
						CreatedOnToolsVersion = 13.4.1;
					};
				};
			};
			buildConfigurationList = 8311B02C286952A800AC64B7 /* Build configuration list for PBXProject "MyResume" */;
			compatibilityVersion = "Xcode 13.0";
			developmentRegion = en;
			hasScannedForEncodings = 0;
			knownRegions = (
				en,
				Base,
			);
			mainGroup = 8311B028286952A800AC64B7;
			productRefGroup = 8311B032286952A800AC64B7 /* Products */;
			projectDirPath = "";
			projectRoot = "";
			targets = (
				8311B030286952A800AC64B7 /* MyResume */,
			);
		};
/* End PBXProject section */

/* Begin PBXResourcesBuildPhase section */
		8311B02F286952A800AC64B7 /* Resources */ = {
			isa = PBXResourcesBuildPhase;
			buildActionMask = 2147483647;
			files = (
				8311B03C286952AD00AC64B7 /* Preview Assets.xcassets in Resources */,
				8311B067286A79A500AC64B7 /* initialcontent.json in Resources */,
				8311B039286952AD00AC64B7 /* Assets.xcassets in Resources */,
			);
			runOnlyForDeploymentPostprocessing = 0;
		};
/* End PBXResourcesBuildPhase section */

/* Begin PBXSourcesBuildPhase section */
		8311B02D286952A800AC64B7 /* Sources */ = {
			isa = PBXSourcesBuildPhase;
			buildActionMask = 2147483647;
			files = (
				8311B04A286958F600AC64B7 /* TopContentView.swift in Sources */,
				8311B0532869DCAB00AC64B7 /* DetailView.swift in Sources */,
				8311B05B2869DDCD00AC64B7 /* Education.swift in Sources */,
				8311B064286A029D00AC64B7 /* AboutContent.swift in Sources */,
				8311B071286B243400AC64B7 /* ApiImporter.swift in Sources */,
				8311B04F28695AB000AC64B7 /* ModelExtensions.swift in Sources */,
				8311B04C28695A5E00AC64B7 /* Details.swift in Sources */,
				8311B0552869DCE200AC64B7 /* WorkExperienceContent.swift in Sources */,
				8311B048286952FF00AC64B7 /* HomeView.swift in Sources */,
				8311B0572869DD0B00AC64B7 /* WorkExperience.swift in Sources */,
				8311B05D2869DE0B00AC64B7 /* Resume.swift in Sources */,
				8311B0592869DD9D00AC64B7 /* Skills.swift in Sources */,
				8311B06F286A8D0900AC64B7 /* ContentRepository.swift in Sources */,
				8311B0612869FF6D00AC64B7 /* SkillsContent.swift in Sources */,
				8311B037286952A800AC64B7 /* ContentView.swift in Sources */,
				8311B06C286A8C2F00AC64B7 /* FileExtensions.swift in Sources */,
				8311B035286952A800AC64B7 /* MyResumeApp.swift in Sources */,
				8311B05F2869FAD400AC64B7 /* EducationContent.swift in Sources */,
				8311B05128695ACB00AC64B7 /* ColorExtensions.swift in Sources */,
				8311B06A286A79C900AC64B7 /* LocalImporter.swift in Sources */,
			);
			runOnlyForDeploymentPostprocessing = 0;
		};
/* End PBXSourcesBuildPhase section */

/* Begin XCBuildConfiguration section */
		8311B03D286952AD00AC64B7 /* Debug */ = {
			isa = XCBuildConfiguration;
			buildSettings = {
				ALWAYS_SEARCH_USER_PATHS = NO;
				CLANG_ANALYZER_NONNULL = YES;
				CLANG_ANALYZER_NUMBER_OBJECT_CONVERSION = YES_AGGRESSIVE;
				CLANG_CXX_LANGUAGE_STANDARD = "gnu++17";
				CLANG_ENABLE_MODULES = YES;
				CLANG_ENABLE_OBJC_ARC = YES;
				CLANG_ENABLE_OBJC_WEAK = YES;
				CLANG_WARN_BLOCK_CAPTURE_AUTORELEASING = YES;
				CLANG_WARN_BOOL_CONVERSION = YES;
				CLANG_WARN_COMMA = YES;
				CLANG_WARN_CONSTANT_CONVERSION = YES;
				CLANG_WARN_DEPRECATED_OBJC_IMPLEMENTATIONS = YES;
				CLANG_WARN_DIRECT_OBJC_ISA_USAGE = YES_ERROR;
				CLANG_WARN_DOCUMENTATION_COMMENTS = YES;
				CLANG_WARN_EMPTY_BODY = YES;
				CLANG_WARN_ENUM_CONVERSION = YES;
				CLANG_WARN_INFINITE_RECURSION = YES;
				CLANG_WARN_INT_CONVERSION = YES;
				CLANG_WARN_NON_LITERAL_NULL_CONVERSION = YES;
				CLANG_WARN_OBJC_IMPLICIT_RETAIN_SELF = YES;
				CLANG_WARN_OBJC_LITERAL_CONVERSION = YES;
				CLANG_WARN_OBJC_ROOT_CLASS = YES_ERROR;
				CLANG_WARN_QUOTED_INCLUDE_IN_FRAMEWORK_HEADER = YES;
				CLANG_WARN_RANGE_LOOP_ANALYSIS = YES;
				CLANG_WARN_STRICT_PROTOTYPES = YES;
				CLANG_WARN_SUSPICIOUS_MOVE = YES;
				CLANG_WARN_UNGUARDED_AVAILABILITY = YES_AGGRESSIVE;
				CLANG_WARN_UNREACHABLE_CODE = YES;
				CLANG_WARN__DUPLICATE_METHOD_MATCH = YES;
				COPY_PHASE_STRIP = NO;
				DEBUG_INFORMATION_FORMAT = dwarf;
				ENABLE_STRICT_OBJC_MSGSEND = YES;
				ENABLE_TESTABILITY = YES;
				GCC_C_LANGUAGE_STANDARD = gnu11;
				GCC_DYNAMIC_NO_PIC = NO;
				GCC_NO_COMMON_BLOCKS = YES;
				GCC_OPTIMIZATION_LEVEL = 0;
				GCC_PREPROCESSOR_DEFINITIONS = (
					"DEBUG=1",
					"$(inherited)",
				);
				GCC_WARN_64_TO_32_BIT_CONVERSION = YES;
				GCC_WARN_ABOUT_RETURN_TYPE = YES_ERROR;
				GCC_WARN_UNDECLARED_SELECTOR = YES;
				GCC_WARN_UNINITIALIZED_AUTOS = YES_AGGRESSIVE;
				GCC_WARN_UNUSED_FUNCTION = YES;
				GCC_WARN_UNUSED_VARIABLE = YES;
				IPHONEOS_DEPLOYMENT_TARGET = 15.5;
				MTL_ENABLE_DEBUG_INFO = INCLUDE_SOURCE;
				MTL_FAST_MATH = YES;
				ONLY_ACTIVE_ARCH = YES;
				SDKROOT = iphoneos;
				SWIFT_ACTIVE_COMPILATION_CONDITIONS = DEBUG;
				SWIFT_OPTIMIZATION_LEVEL = "-Onone";
			};
			name = Debug;
		};
		8311B03E286952AD00AC64B7 /* Release */ = {
			isa = XCBuildConfiguration;
			buildSettings = {
				ALWAYS_SEARCH_USER_PATHS = NO;
				CLANG_ANALYZER_NONNULL = YES;
				CLANG_ANALYZER_NUMBER_OBJECT_CONVERSION = YES_AGGRESSIVE;
				CLANG_CXX_LANGUAGE_STANDARD = "gnu++17";
				CLANG_ENABLE_MODULES = YES;
				CLANG_ENABLE_OBJC_ARC = YES;
				CLANG_ENABLE_OBJC_WEAK = YES;
				CLANG_WARN_BLOCK_CAPTURE_AUTORELEASING = YES;
				CLANG_WARN_BOOL_CONVERSION = YES;
				CLANG_WARN_COMMA = YES;
				CLANG_WARN_CONSTANT_CONVERSION = YES;
				CLANG_WARN_DEPRECATED_OBJC_IMPLEMENTATIONS = YES;
				CLANG_WARN_DIRECT_OBJC_ISA_USAGE = YES_ERROR;
				CLANG_WARN_DOCUMENTATION_COMMENTS = YES;
				CLANG_WARN_EMPTY_BODY = YES;
				CLANG_WARN_ENUM_CONVERSION = YES;
				CLANG_WARN_INFINITE_RECURSION = YES;
				CLANG_WARN_INT_CONVERSION = YES;
				CLANG_WARN_NON_LITERAL_NULL_CONVERSION = YES;
				CLANG_WARN_OBJC_IMPLICIT_RETAIN_SELF = YES;
				CLANG_WARN_OBJC_LITERAL_CONVERSION = YES;
				CLANG_WARN_OBJC_ROOT_CLASS = YES_ERROR;
				CLANG_WARN_QUOTED_INCLUDE_IN_FRAMEWORK_HEADER = YES;
				CLANG_WARN_RANGE_LOOP_ANALYSIS = YES;
				CLANG_WARN_STRICT_PROTOTYPES = YES;
				CLANG_WARN_SUSPICIOUS_MOVE = YES;
				CLANG_WARN_UNGUARDED_AVAILABILITY = YES_AGGRESSIVE;
				CLANG_WARN_UNREACHABLE_CODE = YES;
				CLANG_WARN__DUPLICATE_METHOD_MATCH = YES;
				COPY_PHASE_STRIP = NO;
				DEBUG_INFORMATION_FORMAT = "dwarf-with-dsym";
				ENABLE_NS_ASSERTIONS = NO;
				ENABLE_STRICT_OBJC_MSGSEND = YES;
				GCC_C_LANGUAGE_STANDARD = gnu11;
				GCC_NO_COMMON_BLOCKS = YES;
				GCC_WARN_64_TO_32_BIT_CONVERSION = YES;
				GCC_WARN_ABOUT_RETURN_TYPE = YES_ERROR;
				GCC_WARN_UNDECLARED_SELECTOR = YES;
				GCC_WARN_UNINITIALIZED_AUTOS = YES_AGGRESSIVE;
				GCC_WARN_UNUSED_FUNCTION = YES;
				GCC_WARN_UNUSED_VARIABLE = YES;
				IPHONEOS_DEPLOYMENT_TARGET = 15.5;
				MTL_ENABLE_DEBUG_INFO = NO;
				MTL_FAST_MATH = YES;
				SDKROOT = iphoneos;
				SWIFT_COMPILATION_MODE = wholemodule;
				SWIFT_OPTIMIZATION_LEVEL = "-O";
				VALIDATE_PRODUCT = YES;
			};
			name = Release;
		};
		8311B040286952AD00AC64B7 /* Debug */ = {
			isa = XCBuildConfiguration;
			buildSettings = {
				ASSETCATALOG_COMPILER_APPICON_NAME = AppIcon;
				ASSETCATALOG_COMPILER_GLOBAL_ACCENT_COLOR_NAME = AccentColor;
				CODE_SIGN_STYLE = Automatic;
				CURRENT_PROJECT_VERSION = 1;
				DEVELOPMENT_ASSET_PATHS = "\"MyResume/Preview Content\"";
				DEVELOPMENT_TEAM = L8KV5AWUFA;
				ENABLE_PREVIEWS = YES;
				GENERATE_INFOPLIST_FILE = YES;
				INFOPLIST_KEY_UIApplicationSceneManifest_Generation = YES;
				INFOPLIST_KEY_UIApplicationSupportsIndirectInputEvents = YES;
				INFOPLIST_KEY_UILaunchScreen_Generation = YES;
				INFOPLIST_KEY_UISupportedInterfaceOrientations_iPad = "UIInterfaceOrientationPortrait UIInterfaceOrientationPortraitUpsideDown UIInterfaceOrientationLandscapeLeft UIInterfaceOrientationLandscapeRight";
				INFOPLIST_KEY_UISupportedInterfaceOrientations_iPhone = "UIInterfaceOrientationPortrait UIInterfaceOrientationLandscapeLeft UIInterfaceOrientationLandscapeRight";
				LD_RUNPATH_SEARCH_PATHS = (
					"$(inherited)",
					"@executable_path/Frameworks",
				);
				MARKETING_VERSION = 1.0;
				PRODUCT_BUNDLE_IDENTIFIER = "app.my-resume.ios";
				PRODUCT_NAME = "$(TARGET_NAME)";
				SWIFT_EMIT_LOC_STRINGS = YES;
				SWIFT_VERSION = 5.0;
				TARGETED_DEVICE_FAMILY = "1,2";
			};
			name = Debug;
		};
		8311B041286952AD00AC64B7 /* Release */ = {
			isa = XCBuildConfiguration;
			buildSettings = {
				ASSETCATALOG_COMPILER_APPICON_NAME = AppIcon;
				ASSETCATALOG_COMPILER_GLOBAL_ACCENT_COLOR_NAME = AccentColor;
				CODE_SIGN_STYLE = Automatic;
				CURRENT_PROJECT_VERSION = 1;
				DEVELOPMENT_ASSET_PATHS = "\"MyResume/Preview Content\"";
				DEVELOPMENT_TEAM = L8KV5AWUFA;
				ENABLE_PREVIEWS = YES;
				GENERATE_INFOPLIST_FILE = YES;
				INFOPLIST_KEY_UIApplicationSceneManifest_Generation = YES;
				INFOPLIST_KEY_UIApplicationSupportsIndirectInputEvents = YES;
				INFOPLIST_KEY_UILaunchScreen_Generation = YES;
				INFOPLIST_KEY_UISupportedInterfaceOrientations_iPad = "UIInterfaceOrientationPortrait UIInterfaceOrientationPortraitUpsideDown UIInterfaceOrientationLandscapeLeft UIInterfaceOrientationLandscapeRight";
				INFOPLIST_KEY_UISupportedInterfaceOrientations_iPhone = "UIInterfaceOrientationPortrait UIInterfaceOrientationLandscapeLeft UIInterfaceOrientationLandscapeRight";
				LD_RUNPATH_SEARCH_PATHS = (
					"$(inherited)",
					"@executable_path/Frameworks",
				);
				MARKETING_VERSION = 1.0;
				PRODUCT_BUNDLE_IDENTIFIER = "app.my-resume.ios";
				PRODUCT_NAME = "$(TARGET_NAME)";
				SWIFT_EMIT_LOC_STRINGS = YES;
				SWIFT_VERSION = 5.0;
				TARGETED_DEVICE_FAMILY = "1,2";
			};
			name = Release;
		};
/* End XCBuildConfiguration section */

/* Begin XCConfigurationList section */
		8311B02C286952A800AC64B7 /* Build configuration list for PBXProject "MyResume" */ = {
			isa = XCConfigurationList;
			buildConfigurations = (
				8311B03D286952AD00AC64B7 /* Debug */,
				8311B03E286952AD00AC64B7 /* Release */,
			);
			defaultConfigurationIsVisible = 0;
			defaultConfigurationName = Release;
		};
		8311B03F286952AD00AC64B7 /* Build configuration list for PBXNativeTarget "MyResume" */ = {
			isa = XCConfigurationList;
			buildConfigurations = (
				8311B040286952AD00AC64B7 /* Debug */,
				8311B041286952AD00AC64B7 /* Release */,
			);
			defaultConfigurationIsVisible = 0;
			defaultConfigurationName = Release;
		};
/* End XCConfigurationList section */
	};
	rootObject = 8311B029286952A800AC64B7 /* Project object */;
}
